{
    "_meta": {
        "hash": {
            "sha256": "ef5049fcbad368afdeea480d9d08f91ecee3795c995b71965f7703255aa1d383"
        },
        "pipfile-spec": 6,
        "requires": {},
        "sources": [
            {
                "name": "pypi",
                "url": "https://pypi.org/simple",
                "verify_ssl": true
            }
        ]
    },
    "default": {
        "ansible": {
            "hashes": [
                "sha256:a1fc205286344c5d7bda36b503c273f5b348b06a23f86d52ddddd6afa01cad3c"
            ],
            "index": "pypi",
            "version": "==2.6.1"
        },
        "ansible-runner": {
            "hashes": [
                "sha256:92fc695633054eb9eb941010c6e99d39047fa56456856625c7b0c2de2f770a1a",
                "sha256:d4bb37b02b45dd0e6d3a528dacac6d2107fc5c7c172b0b0209ba3e4e452aaf72"
            ],
            "index": "pypi",
            "version": "==1.0.4"
        },
        "asn1crypto": {
            "hashes": [
                "sha256:2f1adbb7546ed199e3c90ef23ec95c5cf3585bac7d11fb7eb562a3fe89c64e87",
                "sha256:9d5c20441baf0cb60a4ac34cc447c6c189024b6b4c6cd7877034f4965c464e49"
            ],
            "version": "==0.24.0"
        },
        "atomicwrites": {
            "hashes": [
                "sha256:240831ea22da9ab882b551b31d4225591e5e447a68c5e188db5b89ca1d487585",
                "sha256:a24da68318b08ac9c9c45029f4a10371ab5b20e4226738e150e6e7c571630ae6"
            ],
            "version": "==1.1.5"
        },
        "attrs": {
            "hashes": [
                "sha256:4b90b09eeeb9b88c35bc642cbac057e45a5fd85367b985bd2809c62b7b939265",
                "sha256:e0d0eb91441a3b53dab4d9b743eafc1ac44476296a2053b6ca3af0b139faf87b"
            ],
            "version": "==18.1.0"
        },
        "backports-abc": {
            "hashes": [
                "sha256:033be54514a03e255df75c5aee8f9e672f663f93abb723444caec8fe43437bde",
                "sha256:52089f97fe7a9aa0d3277b220c1d730a85aefd64e1b2664696fe35317c5470a7"
            ],
            "index": "pypi",
            "version": "==0.5"
        },
        "backports.shutil-get-terminal-size": {
            "hashes": [
                "sha256:0975ba55054c15e346944b38956a4c9cbee9009391e41b86c68990effb8c1f64",
                "sha256:713e7a8228ae80341c70586d1cc0a8caa5207346927e23d09dcbcaf18eadec80"
            ],
            "markers": "python_version == '2.7'",
            "version": "==1.0.0"
        },
        "bcrypt": {
            "hashes": [
                "sha256:01477981abf74e306e8ee31629a940a5e9138de000c6b0898f7f850461c4a0a5",
                "sha256:054d6e0acaea429e6da3613fcd12d05ee29a531794d96f6ab959f29a39f33391",
                "sha256:0872eeecdf9a429c1420158500eedb323a132bc5bf3339475151c52414729e70",
                "sha256:09a3b8c258b815eadb611bad04ca15ec77d86aa9ce56070e1af0d5932f17642a",
                "sha256:0f317e4ffbdd15c3c0f8ab5fbd86aa9aabc7bea18b5cc5951b456fe39e9f738c",
                "sha256:2788c32673a2ad0062bea850ab73cffc0dba874db10d7a3682b6f2f280553f20",
                "sha256:321d4d48be25b8d77594d8324c0585c80ae91ac214f62db9098734e5e7fb280f",
                "sha256:346d6f84ff0b493dbc90c6b77136df83e81f903f0b95525ee80e5e6d5e4eef84",
                "sha256:34dd60b90b0f6de94a89e71fcd19913a30e83091c8468d0923a93a0cccbfbbff",
                "sha256:3b4c23300c4eded8895442c003ae9b14328ae69309ac5867e7530de8bdd7875d",
                "sha256:43d1960e7db14042319c46925892d5fa99b08ff21d57482e6f5328a1aca03588",
                "sha256:49e96267cd9be55a349fd74f9852eb9ae2c427cd7f6455d0f1765d7332292832",
                "sha256:63e06ffdaf4054a89757a3a1ab07f1b922daf911743114a54f7c561b9e1baa58",
                "sha256:67ed1a374c9155ec0840214ce804616de49c3df9c5bc66740687c1c9b1cd9e8d",
                "sha256:6b662a5669186439f4f583636c8d6ea77cf92f7cfe6aae8d22edf16c36840574",
                "sha256:6efd9ca20aefbaf2e7e6817a2c6ed4a50ff6900fafdea1bcb1d0e9471743b144",
                "sha256:8569844a5d8e1fdde4d7712a05ab2e6061343ac34af6e7e3d7935b2bd1907bfd",
                "sha256:8629ea6a8a59f865add1d6a87464c3c676e60101b8d16ef404d0a031424a8491",
                "sha256:988cac675e25133d01a78f2286189c1f01974470817a33eaf4cfee573cfb72a5",
                "sha256:9a6fedda73aba1568962f7543a1f586051c54febbc74e87769bad6a4b8587c39",
                "sha256:9eced8962ce3b7124fe20fd358cf8c7470706437fa064b9874f849ad4c5866fc",
                "sha256:a005ed6163490988711ff732386b08effcbf8df62ae93dd1e5bda0714fad8afb",
                "sha256:ae35dbcb6b011af6c840893b32399252d81ff57d52c13e12422e16b5fea1d0fb",
                "sha256:b1e8491c6740f21b37cca77bc64677696a3fb9f32360794d57fa8477b7329eda",
                "sha256:c906bdb482162e9ef48eea9f8c0d967acceb5c84f2d25574c7d2a58d04861df1",
                "sha256:cb18ffdc861dbb244f14be32c47ab69604d0aca415bee53485fcea4f8e93d5ef",
                "sha256:cc2f24dc1c6c88c56248e93f28d439ee4018338567b0bbb490ea26a381a29b1e",
                "sha256:d860c7fff18d49e20339fc6dffc2d485635e36d4b2cccf58f45db815b64100b4",
                "sha256:d86da365dda59010ba0d1ac45aa78390f56bf7f992e65f70b3b081d5e5257b09",
                "sha256:e22f0997622e1ceec834fd25947dc2ee2962c2133ea693d61805bc867abaf7ea",
                "sha256:f2fe545d27a619a552396533cddf70d83cecd880a611cdfdbb87ca6aec52f66b",
                "sha256:f425e925485b3be48051f913dbe17e08e8c48588fdf44a26b8b14067041c0da6",
                "sha256:f7fd3ed3745fe6e81e28dc3b3d76cce31525a91f32a387e1febd6b982caf8cdb",
                "sha256:f9210820ee4818d84658ed7df16a7f30c9fba7d8b139959950acef91745cc0f7"
            ],
            "version": "==3.1.4"
        },
        "bleach": {
            "hashes": [
                "sha256:b8fa79e91f96c2c2cd9fd1f9eda906efb1b88b483048978ba62fef680e962b34",
                "sha256:eb7386f632349d10d9ce9d4a838b134d4731571851149f9cc2c05a9a837a9a44"
            ],
            "version": "==2.1.3"
        },
        "cffi": {
            "hashes": [
                "sha256:151b7eefd035c56b2b2e1eb9963c90c6302dc15fbd8c1c0a83a163ff2c7d7743",
                "sha256:1553d1e99f035ace1c0544050622b7bc963374a00c467edafac50ad7bd276aef",
                "sha256:1b0493c091a1898f1136e3f4f991a784437fac3673780ff9de3bcf46c80b6b50",
                "sha256:2ba8a45822b7aee805ab49abfe7eec16b90587f7f26df20c71dd89e45a97076f",
                "sha256:3bb6bd7266598f318063e584378b8e27c67de998a43362e8fce664c54ee52d30",
                "sha256:3c85641778460581c42924384f5e68076d724ceac0f267d66c757f7535069c93",
                "sha256:3eb6434197633b7748cea30bf0ba9f66727cdce45117a712b29a443943733257",
                "sha256:495c5c2d43bf6cebe0178eb3e88f9c4aa48d8934aa6e3cddb865c058da76756b",
                "sha256:4c91af6e967c2015729d3e69c2e51d92f9898c330d6a851bf8f121236f3defd3",
                "sha256:57b2533356cb2d8fac1555815929f7f5f14d68ac77b085d2326b571310f34f6e",
                "sha256:770f3782b31f50b68627e22f91cb182c48c47c02eb405fd689472aa7b7aa16dc",
                "sha256:79f9b6f7c46ae1f8ded75f68cf8ad50e5729ed4d590c74840471fc2823457d04",
                "sha256:7a33145e04d44ce95bcd71e522b478d282ad0eafaf34fe1ec5bbd73e662f22b6",
                "sha256:857959354ae3a6fa3da6651b966d13b0a8bed6bbc87a0de7b38a549db1d2a359",
                "sha256:87f37fe5130574ff76c17cab61e7d2538a16f843bb7bca8ebbc4b12de3078596",
                "sha256:95d5251e4b5ca00061f9d9f3d6fe537247e145a8524ae9fd30a2f8fbce993b5b",
                "sha256:9d1d3e63a4afdc29bd76ce6aa9d58c771cd1599fbba8cf5057e7860b203710dd",
                "sha256:a36c5c154f9d42ec176e6e620cb0dd275744aa1d804786a71ac37dc3661a5e95",
                "sha256:a6a5cb8809091ec9ac03edde9304b3ad82ad4466333432b16d78ef40e0cce0d5",
                "sha256:ae5e35a2c189d397b91034642cb0eab0e346f776ec2eb44a49a459e6615d6e2e",
                "sha256:b0f7d4a3df8f06cf49f9f121bead236e328074de6449866515cea4907bbc63d6",
                "sha256:b75110fb114fa366b29a027d0c9be3709579602ae111ff61674d28c93606acca",
                "sha256:ba5e697569f84b13640c9e193170e89c13c6244c24400fc57e88724ef610cd31",
                "sha256:be2a9b390f77fd7676d80bc3cdc4f8edb940d8c198ed2d8c0be1319018c778e1",
                "sha256:ca1bd81f40adc59011f58159e4aa6445fc585a32bb8ac9badf7a2c1aa23822f2",
                "sha256:d5d8555d9bfc3f02385c1c37e9f998e2011f0db4f90e250e5bc0c0a85a813085",
                "sha256:e55e22ac0a30023426564b1059b035973ec82186ddddbac867078435801c7801",
                "sha256:e90f17980e6ab0f3c2f3730e56d1fe9bcba1891eeea58966e89d352492cc74f4",
                "sha256:ecbb7b01409e9b782df5ded849c178a0aa7c906cf8c5a67368047daab282b184",
                "sha256:ed01918d545a38998bfa5902c7c00e0fee90e957ce036a4000a88e3fe2264917",
                "sha256:edabd457cd23a02965166026fd9bfd196f4324fe6032e866d0f3bd0301cd486f",
                "sha256:fdf1c1dc5bafc32bc5d08b054f94d659422b05aba244d6be4ddc1c72d9aa70fb"
            ],
            "version": "==1.11.5"
        },
        "configparser": {
            "hashes": [
                "sha256:5308b47021bc2340965c371f0f058cc6971a04502638d4244225c49d80db273a"
            ],
            "markers": "python_version == '2.7'",
            "version": "==3.5.0"
        },
        "cryptography": {
            "hashes": [
                "sha256:3f3b65d5a16e6b52fba63dc860b62ca9832f51f1a2ae5083c78b6840275f12dd",
                "sha256:5251e7de0de66810833606439ca65c9b9e45da62196b0c88bfadf27740aac09f",
                "sha256:551a3abfe0c8c6833df4192a63371aa2ff43afd8f570ed345d31f251d78e7e04",
                "sha256:5cb990056b7cadcca26813311187ad751ea644712022a3976443691168781b6f",
                "sha256:60bda7f12ecb828358be53095fc9c6edda7de8f1ef571f96c00b2363643fa3cd",
                "sha256:64b5c67acc9a7c83fbb4b69166f3105a0ab722d27934fac2cb26456718eec2ba",
                "sha256:6fef51ec447fe9f8351894024e94736862900d3a9aa2961528e602eb65c92bdb",
                "sha256:77d0ad229d47a6e0272d00f6bf8ac06ce14715a9fd02c9a97f5a2869aab3ccb2",
                "sha256:808fe471b1a6b777f026f7dc7bd9a4959da4bfab64972f2bbe91e22527c1c037",
                "sha256:9b62fb4d18529c84b961efd9187fecbb48e89aa1a0f9f4161c61b7fc42a101bd",
                "sha256:9e5bed45ec6b4f828866ac6a6bedf08388ffcfa68abe9e94b34bb40977aba531",
                "sha256:9fc295bf69130a342e7a19a39d7bbeb15c0bcaabc7382ec33ef3b2b7d18d2f63",
                "sha256:abd070b5849ed64e6d349199bef955ee0ad99aefbad792f0c587f8effa681a5e",
                "sha256:ba6a774749b6e510cffc2fb98535f717e0e5fd91c7c99a61d223293df79ab351",
                "sha256:c332118647f084c983c6a3e1dba0f3bcb051f69d12baccac68db8d62d177eb8a",
                "sha256:d6f46e862ee36df81e6342c2177ba84e70f722d9dc9c6c394f9f1f434c4a5563",
                "sha256:db6013746f73bf8edd9c3d1d3f94db635b9422f503db3fc5ef105233d4c011ab",
                "sha256:f57008eaff597c69cf692c3518f6d4800f0309253bb138b526a37fe9ef0c7471",
                "sha256:f6c821ac253c19f2ad4c8691633ae1d1a17f120d5b01ea1d256d7b602bc59887"
            ],
            "version": "==2.2.2"
        },
        "decorator": {
            "hashes": [
                "sha256:2c51dff8ef3c447388fe5e4453d24a2bf128d3a4c32af3fabef1f01c6851ab82",
                "sha256:c39efa13fbdeb4506c476c9b3babf6a718da943dab7811c206005a4a956c080c"
            ],
            "version": "==4.3.0"
        },
        "defusedxml": {
            "hashes": [
                "sha256:24d7f2f94f7f3cb6061acb215685e5125fbcdc40a857eff9de22518820b0a4f4",
                "sha256:702a91ade2968a82beb0db1e0766a6a273f33d4616a6ce8cde475d8e09853b20"
            ],
            "index": "pypi",
            "version": "==0.5.0"
        },
        "docutils": {
            "hashes": [
                "sha256:02aec4bd92ab067f6ff27a38a38a41173bf01bed8f89157768c1573f53e474a6",
                "sha256:51e64ef2ebfb29cae1faa133b3710143496eca21c530f3f71424d77687764274",
                "sha256:7a4bd47eaf6596e1295ecb11361139febe29b084a87bf005bf899f9a42edc3c6"
            ],
            "version": "==0.14"
        },
        "entrypoints": {
            "hashes": [
                "sha256:10ad569bb245e7e2ba425285b9fa3e8178a0dc92fc53b1e1c553805e15a8825b",
                "sha256:d2d587dde06f99545fb13a383d2cd336a8ff1f359c5839ce3a64c917d10c029f"
            ],
            "version": "==0.2.3"
        },
        "enum34": {
            "hashes": [
                "sha256:2d81cbbe0e73112bdfe6ef8576f2238f2ba27dd0d55752a776c41d38b7da2850",
                "sha256:644837f692e5f550741432dd3f223bbb9852018674981b1664e5dc339387588a",
                "sha256:6bd0f6ad48ec2aa117d3d141940d484deccda84d4fcd884f5c3d93c23ecd8c79",
                "sha256:8ad8c4783bf61ded74527bffb48ed9b54166685e4230386a9ed9b1279e2df5b1"
            ],
            "markers": "python_version < '3'",
            "version": "==1.1.6"
        },
        "funcsigs": {
            "hashes": [
                "sha256:330cc27ccbf7f1e992e69fef78261dc7c6569012cf397db8d3de0234e6c937ca",
                "sha256:a7bb0f2cf3a3fd1ab2732cb49eba4252c2af4240442415b4abce3b87022a8f50"
            ],
            "markers": "python_version < '3.0'",
            "version": "==1.0.2"
        },
        "functools32": {
            "hashes": [
                "sha256:89d824aa6c358c421a234d7f9ee0bd75933a67c29588ce50aaa3acdf4d403fa0",
                "sha256:f6253dfbe0538ad2e387bd8fdfd9293c925d63553f5813c4e587745416501e6d"
            ],
            "markers": "python_version == '2.7'",
            "version": "==3.2.3.post2"
        },
        "html5lib": {
            "hashes": [
                "sha256:20b159aa3badc9d5ee8f5c647e5efd02ed2a66ab8d354930bd9ff139fc1dc0a3",
                "sha256:66cb0dcfdbbc4f9c3ba1a63fdb511ffdbd4f513b2b6d81b80cd26ce6b3fb3736"
            ],
            "version": "==1.0.1"
        },
        "idna": {
            "hashes": [
                "sha256:156a6814fb5ac1fc6850fb002e0852d56c0c8d2531923a51032d1b70760e186e",
                "sha256:684a38a6f903c1d71d6d5fac066b58d7768af4de2b832e426ec79c30daa94a16"
            ],
            "version": "==2.7"
        },
        "ipaddress": {
            "hashes": [
                "sha256:64b28eec5e78e7510698f6d4da08800a5c575caa4a286c93d651c5d3ff7b6794",
                "sha256:b146c751ea45cad6188dd6cf2d9b757f6f4f8d6ffb96a023e6f2e26eea02a72c"
            ],
            "markers": "python_version < '3'",
            "version": "==1.0.22"
        },
        "ipykernel": {
            "hashes": [
                "sha256:395f020610e33ffa0b0c9c0cd1a1d927d51ab9aa9f30a7ae36bb0c908a33e89c",
                "sha256:935941dba29d856eee34b8b5261d971bd5012547239ed73ddfff099143748c37",
                "sha256:c091449dd0fad7710ddd9c4a06e8b9e15277da306590bc07a3a1afa6b4453c8f"
            ],
            "version": "==4.8.2"
        },
        "ipython": {
            "hashes": [
                "sha256:707d1bbfc81e41e39ead1012af931bec6f80357b87e520af352e539cf5961dc0",
                "sha256:8db43a7fb7619037c98626613ff08d03dda9d5d12c84814a4504c78c0da8323c",
                "sha256:fc0464e68f9c65cd8c453474b4175432cc29ecb6c83775baedf6dbfcee9275ab"
            ],
            "markers": "python_version < '3.3'",
            "version": "==5.7.0"
        },
        "ipython-genutils": {
            "hashes": [
                "sha256:72dd37233799e619666c9f639a9da83c34013a73e8bbc79a7a6348d93c61fab8",
                "sha256:eb2e116e75ecef9d4d228fdc66af54269afa26ab4463042e33785b887c628ba8"
            ],
            "version": "==0.2.0"
        },
        "ipywidgets": {
            "hashes": [
                "sha256:9985e91c300f7bb41ca97627ed8a8ce22750584cefd023ffbe4b0c18edb84605",
                "sha256:ab9869cda5af7ba449d8f707b29b7e97a7db97d6366805d6b733338f51096f54"
            ],
            "version": "==7.2.1"
        },
        "jinja2": {
            "hashes": [
                "sha256:74c935a1b8bb9a3947c50a54766a969d4846290e1e788ea44c1392163723c3bd",
                "sha256:f84be1bb0040caca4cea721fcbbbbd61f9be9464ca236387158b0feea01914a4"
            ],
            "version": "==2.10"
        },
        "jsonschema": {
            "hashes": [
                "sha256:000e68abd33c972a5248544925a0cae7d1125f9bf6c58280d37546b946769a08",
                "sha256:6ff5f3180870836cae40f06fa10419f557208175f13ad7bc26caa77beb1f6e02"
            ],
            "version": "==2.6.0"
        },
        "jupyter": {
            "hashes": [
                "sha256:3e1f86076bbb7c8c207829390305a2b1fe836d471ed54be66a3b8c41e7f46cc7",
                "sha256:5b290f93b98ffbc21c0c7e749f054b3267782166d72fa5e3ed1ed4eaf34a2b78",
                "sha256:d9dc4b3318f310e34c82951ea5d6683f67bed7def4b259fafbfe4f1beb1d8e5f"
            ],
            "index": "pypi",
            "version": "==1.0.0"
        },
        "jupyter-client": {
            "hashes": [
                "sha256:27befcf0446b01e29853014d6a902dd101ad7d7f94e2252b1adca17c3466b761",
                "sha256:59e6d791e22a8002ad0e80b78c6fd6deecab4f9e1b1aa1a22f4213de271b29ea"
            ],
            "version": "==5.2.3"
        },
        "jupyter-console": {
            "hashes": [
                "sha256:3f928b817fc82cda95e431eb4c2b5eb21be5c483c2b43f424761a966bb808094",
                "sha256:545dedd3aaaa355148093c5609f0229aeb121b4852995c2accfa64fe3e0e55cd"
            ],
            "version": "==5.2.0"
        },
        "jupyter-contrib-core": {
            "hashes": [
                "sha256:1ec81e275a8f5858d56b0c4c6cd85335aa8e915001b8657fe51c620c3cdde50f",
                "sha256:e65bc0e932ff31801003cef160a4665f2812efe26a53801925a634735e9a5794"
            ],
            "version": "==0.3.3"
        },
        "jupyter-core": {
            "hashes": [
                "sha256:927d713ffa616ea11972534411544589976b2493fc7e09ad946e010aa7eb9970",
                "sha256:ba70754aa680300306c699790128f6fbd8c306ee5927976cbe48adacf240c0b7"
            ],
            "version": "==4.4.0"
        },
        "jupyter-nbextensions-configurator": {
            "hashes": [
                "sha256:778f36a0996e622c224589327405583f4a539d183fa2fdaeecbc4397c1af9991",
                "sha256:e2cea15dde24c9090104cf3ebedd6bcd354004cbea5e858b3776372ad50b7d46"
            ],
            "index": "pypi",
            "version": "==0.4.0"
        },
        "lockfile": {
            "hashes": [
                "sha256:6aed02de03cba24efabcd600b30540140634fc06cfa603822d508d5361e9f799",
                "sha256:6c3cb24f344923d30b2785d5ad75182c8ea7ac1b6171b08657258ec7429d50fa"
            ],
            "version": "==0.12.2"
        },
        "markupsafe": {
            "hashes": [
                "sha256:a6be69091dac236ea9c6bc7d012beab42010fa914c459791d627dad4910eb665"
            ],
            "version": "==1.0"
        },
        "mistune": {
            "hashes": [
                "sha256:b4c512ce2fc99e5a62eb95a4aba4b73e5f90264115c40b70a21e1f7d4e0eac91",
                "sha256:bc10c33bfdcaa4e749b779f62f60d6e12f8215c46a292d05e486b869ae306619"
            ],
            "version": "==0.8.3"
        },
        "more-itertools": {
            "hashes": [
                "sha256:2b6b9893337bfd9166bee6a62c2b0c9fe7735dcf85948b387ec8cba30e85d8e8",
                "sha256:6703844a52d3588f951883005efcf555e49566a48afd4db4e965d69b883980d3",
                "sha256:a18d870ef2ffca2b8463c0070ad17b5978056f403fb64e3f15fe62a52db21cc0"
            ],
            "version": "==4.2.0"
        },
        "nbconvert": {
            "hashes": [
                "sha256:12b1a4671d4463ab73af6e4cbcc965b62254e05d182cd54995dda0d0ef9e2db9",
                "sha256:260d390b989a647575b8ecae2cd06a9eaead10d396733d6e50185d5ebd08996e"
            ],
            "version": "==5.3.1"
        },
        "nbformat": {
            "hashes": [
                "sha256:b9a0dbdbd45bb034f4f8893cafd6f652ea08c8c1674ba83f2dc55d3955743b0b",
                "sha256:f7494ef0df60766b7cabe0a3651556345a963b74dbc16bc7c18479041170d402"
            ],
            "version": "==4.4.0"
        },
        "notebook": {
            "hashes": [
                "sha256:95dc9afa0444d05a0b76d6d1f5133c34a92a95f4e248efef3f59ccd2c2616c7d",
                "sha256:fa915c231e64a30d19cc2c70ccab6444cbaa93e44e92b5f8233dd9147ad0e664"
            ],
            "index": "pypi",
            "version": "==5.5.0"
        },
        "pandocfilters": {
            "hashes": [
                "sha256:b3dd70e169bb5449e6bc6ff96aea89c5eea8c5f6ab5e207fc2f521a2cf4a0da9"
            ],
            "version": "==1.4.2"
        },
        "paramiko": {
            "hashes": [
                "sha256:24fb31c947de85fbdeca09e222d41206781581fb0bdf118d2ef18f6e414cd388",
                "sha256:33e36775a6c71790ba7692a73f948b329cf9295a72b0102144b031114bd2a4f3"
            ],
            "version": "==2.4.1"
        },
        "pathlib2": {
            "hashes": [
                "sha256:8eb170f8d0d61825e09a95b38be068299ddeda82f35e96c3301a8a5e7604cb83",
                "sha256:d1aa2a11ba7b8f7b21ab852b1fb5afb277e1bb99d5dfc663380b5015c0d80c5a"
            ],
            "markers": "python_version in '2.6 2.7 3.2 3.3'",
            "version": "==2.3.2"
        },
        "pexpect": {
            "hashes": [
                "sha256:2a8e88259839571d1251d278476f3eec5db26deb73a70be5ed5dc5435e418aba",
                "sha256:3fbd41d4caf27fa4a377bfd16fef87271099463e6fa73e92a52f92dfee5d425b"
            ],
            "version": "==4.6.0"
        },
        "pickleshare": {
            "hashes": [
                "sha256:84a9257227dfdd6fe1b4be1319096c20eb85ff1e82c7932f36efccfe1b09737b",
                "sha256:c9a2541f25aeabc070f12f452e1f2a8eae2abd51e1cd19e8430402bdf4c1d8b5"
            ],
            "version": "==0.7.4"
        },
        "pluggy": {
            "hashes": [
                "sha256:7f8ae7f5bdf75671a718d2daf0a64b7885f74510bcd98b1a0bb420eb9a9d0cff",
                "sha256:d345c8fe681115900d6da8d048ba67c25df42973bda370783cd58826442dcd7c",
                "sha256:e160a7fcf25762bb60efc7e171d4497ff1d8d2d75a3d0df7a21b76821ecbf5c5"
            ],
            "version": "==0.6.0"
        },
        "prompt-toolkit": {
            "hashes": [
                "sha256:1df952620eccb399c53ebb359cc7d9a8d3a9538cb34c5a1344bdbeb29fbcc381",
                "sha256:3f473ae040ddaa52b52f97f6b4a493cfa9f5920c255a12dc56a7d34397a398a4",
                "sha256:858588f1983ca497f1cf4ffde01d978a3ea02b01c8a26a8bbc5cd2e66d816917"
            ],
            "version": "==1.0.15"
        },
        "psutil": {
            "hashes": [
                "sha256:0ff2b16e9045d01edb1dd10d7fbcc184012e37f6cd38029e959f2be9c6223f50",
                "sha256:254adb6a27c888f141d2a6032ae231d8ed4fc5f7583b4c825e5f7d7c78d26d2e",
                "sha256:319e12f6bae4d4d988fbff3bed792953fa3b44c791f085b0a1a230f755671ef7",
                "sha256:529ae235896efb99a6f77653a7138273ab701ec9f0343a1f5030945108dee3c4",
                "sha256:686e5a35fe4c0acc25f3466c32e716f2d498aaae7b7edc03e2305b682226bcf6",
                "sha256:6d981b4d863b20c8ceed98b8ac3d1ca7f96d28707a80845d360fa69c8fc2c44b",
                "sha256:7789885a72aa3075d28d028236eb3f2b84d908f81d38ad41769a6ddc2fd81b7c",
                "sha256:7f4616bcb44a6afda930cfc40215e5e9fa7c6896e683b287c771c937712fbe2f",
                "sha256:7fdb3d02bfd68f508e6745021311a4a4dbfec53fca03721474e985f310e249ba",
                "sha256:a9b85b335b40a528a8e2a6b549592138de8429c6296e7361892958956e6a73cf",
                "sha256:dc85fad15ef98103ecc047a0d81b55bbf5fe1b03313b96e883acc2e2fa87ed5c"
            ],
            "version": "==5.4.6"
        },
        "ptyprocess": {
            "hashes": [
                "sha256:923f299cc5ad920c68f2bc0bc98b75b9f838b93b599941a6b63ddbc2476394c0",
                "sha256:d7cc528d76e76342423ca640335bd3633420dc1366f258cb31d05e865ef5ca1f"
            ],
            "version": "==0.6.0"
        },
        "py": {
            "hashes": [
                "sha256:3fd59af7435864e1a243790d322d763925431213b6b8529c6ca71081ace3bbf7",
                "sha256:e31fb2767eb657cbde86c454f02e99cb846d3cd9d61b318525140214fdc0e98e"
            ],
            "version": "==1.5.4"
        },
        "pyasn1": {
            "hashes": [
                "sha256:24f21b4fd2dc2b344dee2205fa3930464aa21292216d3d6e39007a2e059e21af",
                "sha256:2f57960dc7a2820ea5a1782b872d974b639aa3b448ac6628d1ecc5d0fe3986f2",
                "sha256:3651774ca1c9726307560792877db747ba5e8a844ea1a41feb7670b319800ab3",
                "sha256:602fda674355b4701acd7741b2be5ac188056594bf1eecf690816d944e52905e",
                "sha256:8fb265066eac1d3bb5015c6988981b009ccefd294008ff7973ed5f64335b0f2d",
                "sha256:9334cb427609d2b1e195bb1e251f99636f817d7e3e1dffa150cb3365188fb992",
                "sha256:9a15cc13ff6bf5ed29ac936ca941400be050dff19630d6cd1df3fb978ef4c5ad",
                "sha256:a66dcda18dbf6e4663bde70eb30af3fc4fe1acb2d14c4867a861681887a5f9a2",
                "sha256:ba77f1e8d7d58abc42bfeddd217b545fdab4c1eeb50fd37c2219810ad56303bf",
                "sha256:cdc8eb2eaafb56de66786afa6809cd9db2df1b3b595dcb25aa5b9dc61189d40a",
                "sha256:d01fbba900c80b42af5c3fe1a999acf61e27bf0e452e0f1ef4619065e57622da",
                "sha256:f281bf11fe204f05859225ec2e9da7a7c140b65deccd8a4eb0bc75d0bd6949e0",
                "sha256:fb81622d8f3509f0026b0683fe90fea27be7284d3826a5f2edf97f69151ab0fc"
            ],
            "version": "==0.4.3"
        },
        "pycparser": {
            "hashes": [
                "sha256:99a8ca03e29851d96616ad0404b4aad7d9ee16f25c9f9708a11faf2810f7b226"
            ],
            "version": "==2.18"
        },
        "pygments": {
            "hashes": [
                "sha256:78f3f434bcc5d6ee09020f92ba487f95ba50f1e3ef83ae96b9d5ffa1bab25c5d",
                "sha256:dbae1046def0efb574852fab9e90209b23f556367b5a320c0bcb871c77c3e8cc"
            ],
            "version": "==2.2.0"
        },
        "pynacl": {
            "hashes": [
                "sha256:04e30e5bdeeb2d5b34107f28cd2f5bbfdc6c616f3be88fc6f53582ff1669eeca",
                "sha256:0bfa0d94d2be6874e40f896e0a67e290749151e7de767c5aefbad1121cad7512",
                "sha256:11aa4e141b2456ce5cecc19c130e970793fa3a2c2e6fbb8ad65b28f35aa9e6b6",
                "sha256:13bdc1fe084ff9ac7653ae5a924cae03bf4bb07c6667c9eb5b6eb3c570220776",
                "sha256:14339dc233e7a9dda80a3800e64e7ff89d0878ba23360eea24f1af1b13772cac",
                "sha256:1d33e775fab3f383167afb20b9927aaf4961b953d76eeb271a5703a6d756b65b",
                "sha256:2a42b2399d0428619e58dac7734838102d35f6dcdee149e0088823629bf99fbb",
                "sha256:2dce05ac8b3c37b9e2f65eab56c544885607394753e9613fd159d5e2045c2d98",
                "sha256:63cfccdc6217edcaa48369191ae4dca0c390af3c74f23c619e954973035948cd",
                "sha256:6453b0dae593163ffc6db6f9c9c1597d35c650598e2c39c0590d1757207a1ac2",
                "sha256:73a5a96fb5fbf2215beee2353a128d382dbca83f5341f0d3c750877a236569ef",
                "sha256:8abb4ef79161a5f58848b30ab6fb98d8c466da21fdd65558ce1d7afc02c70b5f",
                "sha256:8ac1167195b32a8755de06efd5b2d2fe76fc864517dab66aaf65662cc59e1988",
                "sha256:8f505f42f659012794414fa57c498404e64db78f1d98dfd40e318c569f3c783b",
                "sha256:9c8a06556918ee8e3ab48c65574f318f5a0a4d31437fc135da7ee9d4f9080415",
                "sha256:a1e25fc5650cf64f01c9e435033e53a4aca9de30eb9929d099f3bb078e18f8f2",
                "sha256:be71cd5fce04061e1f3d39597f93619c80cdd3558a6c9ba99a546f144a8d8101",
                "sha256:c5b1a7a680218dee9da0f1b5e24072c46b3c275d35712bc1d505b85bb03441c0",
                "sha256:cb785db1a9468841a1265c9215c60fe5d7af2fb1b209e3316a152704607fc582",
                "sha256:cf6877124ae6a0698404e169b3ba534542cfbc43f939d46b927d956daf0a373a",
                "sha256:d0eb5b2795b7ee2cbcfcadacbe95a13afbda048a262bd369da9904fecb568975",
                "sha256:d3a934e2b9f20abac009d5b6951067cfb5486889cb913192b4d8288b216842f1",
                "sha256:d795f506bcc9463efb5ebb0f65ed77921dcc9e0a50499dedd89f208445de9ecb",
                "sha256:d8aaf7e5d6b0e0ef7d6dbf7abeb75085713d0100b4eb1a4e4e857de76d77ac45",
                "sha256:de2aaca8386cf4d70f1796352f2346f48ddb0bed61dc43a3ce773ba12e064031",
                "sha256:e0d38fa0a75f65f556fb912f2c6790d1fa29b7dd27a1d9cc5591b281321eaaa9",
                "sha256:eb2acabbd487a46b38540a819ef67e477a674481f84a82a7ba2234b9ba46f752",
                "sha256:eeee629828d0eb4f6d98ac41e9a3a6461d114d1d0aa111a8931c049359298da0",
                "sha256:f5836463a3c0cca300295b229b6c7003c415a9d11f8f9288ddbd728e2746524c",
                "sha256:f5ce9e26d25eb0b2d96f3ef0ad70e1d3ae89b5d60255c462252a3e456a48c053",
                "sha256:fabf73d5d0286f9e078774f3435601d2735c94ce9e514ac4fb945701edead7e4"
            ],
            "version": "==1.2.1"
        },
        "pytest": {
            "hashes": [
                "sha256:0453c8676c2bee6feb0434748b068d5510273a916295fd61d306c4f22fbfd752",
                "sha256:4b208614ae6d98195430ad6bde03641c78553acee7c83cec2e85d613c0cd383d"
            ],
            "index": "pypi",
            "version": "==3.6.3"
        },
        "python-daemon": {
            "hashes": [
                "sha256:261c859be5c12ae7d4286dc6951e87e9e1a70a882a8b41fd926efc1ec4214f73",
                "sha256:53da55aec3bb67b576e13a8091a2181f99b395c2eec32a5a0d91d347a5c420a7"
            ],
            "version": "==2.1.2"
        },
        "python-dateutil": {
            "hashes": [
                "sha256:1adb80e7a782c12e52ef9a8182bebeb73f1d7e24e374397af06fb4956c8dc5c0",
                "sha256:e27001de32f627c22380a688bcc43ce83504a7bc5da472209b4c70f02829f0b8"
            ],
            "version": "==2.7.3"
        },
        "pyyaml": {
            "hashes": [
                "sha256:3d7da3009c0f3e783b2c873687652d83b1bbfd5c88e9813fb7e5b03c0dd3108b",
                "sha256:3ef3092145e9b70e3ddd2c7ad59bdd0252a94dfe3949721633e41344de00a6bf",
                "sha256:40c71b8e076d0550b2e6380bada1f1cd1017b882f7e16f09a65be98e017f211a",
                "sha256:558dd60b890ba8fd982e05941927a3911dc409a63dcb8b634feaa0cda69330d3",
                "sha256:a7c28b45d9f99102fa092bb213aa12e0aaf9a6a1f5e395d36166639c1f96c3a1",
                "sha256:aa7dd4a6a427aed7df6fb7f08a580d68d9b118d90310374716ae90b710280af1",
                "sha256:bc558586e6045763782014934bfaf39d48b8ae85a2713117d16c39864085c613",
                "sha256:d46d7982b62e0729ad0175a9bc7e10a566fc07b224d2c79fafb5e032727eaa04",
                "sha256:d5eef459e30b09f5a098b9cea68bebfeb268697f78d647bd255a085371ac7f3f",
                "sha256:e01d3203230e1786cd91ccfdc8f8454c8069c91bee3962ad93b87a4b2860f537",
                "sha256:e170a9e6fcfd19021dd29845af83bb79236068bf5fd4df3327c1be18182b2531"
            ],
            "index": "pypi",
            "version": "==3.13"
        },
        "pyzmq": {
            "hashes": [
                "sha256:0145ae59139b41f65e047a3a9ed11bbc36e37d5e96c64382fcdff911c4d8c3f0",
                "sha256:18de8a02768b1c0b3495ac635b24bd902fafc08befb70a6e68c4d343ccbd6cbd",
                "sha256:2fb4d745ffe0a65ebf8fd29df093bb5c0ac96a506cb05b9a7b7c94b2524ae7f6",
                "sha256:4193cc666591495ab7fe8d24fa8374a35f9775f16dc7c46e03615559e1fc1855",
                "sha256:445fed4d71ac48da258ba38f2e29c88c5091124212a4004a0a6a42e6586a7de1",
                "sha256:538dfdd9542cf9ff37cd958da03b58d56b53b90800159ea07adc51a8ec7ffcb8",
                "sha256:613ac1fc4591b1c6a0a52ce3ed17dbffd6a17e985df504e8b4cdb987f97285b1",
                "sha256:630fb21f7474eb9e409a1ad476bf1ec489a69eb021172d422f2485cc3a44cd79",
                "sha256:6c3632d2c17cf03ce728ffaa328d45bb053623b3a0aa9747adcde81778d5a4d5",
                "sha256:72a490db0e34c204764457a6853afde7c0d1aa01b6dbbbaea064636614b774c6",
                "sha256:767e1d0b1f7fff1950127abc08c5a5af2754987bc6480c6d641bed6971278a7a",
                "sha256:863ec1bfa52da6eaa5c4aa59143eeaeb4ef7a076862407a548ec645f25e6d6df",
                "sha256:a0ecf4c3eccd92f030a4e3e334b9da6fa3ee86be00249343c74e476d70567d0f",
                "sha256:ad5a8b19b6671b52d30ccfc3a0f4c600e49c4e2dcc88caf4106ed5958dec8d5e",
                "sha256:b31f2b50ad2920f21b904f5edf66bee324e42bb978df1407ecf381b210d4678e",
                "sha256:b328c538061757f627d32f7f8885c16f1d2f59f5374e057822f3c8e6cd94c41b",
                "sha256:b89268020a843d4c3cc04180577ec061fe96d35f267b0b672cb006e4d70560da",
                "sha256:ba0b43aebf856e5e249250d74c1232d6600b6859328920d12e2ba72a565ab1b1",
                "sha256:bdb12b485b3440b5193cd337d27cc126cdfc54ea9f38df237e1ead6216435cbe",
                "sha256:c30d27c9b35285597b8ef3019f97b9b98457b053f65dcc87a90dfdd4db09ca78",
                "sha256:d51eb3902d27d691483243707bfa67972167a70269bbbc172b74eeac4f780a1d",
                "sha256:e5578ae84bb94e97adadfcb00106a1cb161cb8017f89b01f6c3737f356257811",
                "sha256:f35b4cdeffff79357a9d929daa2a8620fb362b2cbeebdc5dd2cf9fcd27c44821",
                "sha256:fb983aec4bddee3680a0b7395f99e4595d70d81841370da736c5dc642bad4cd2"
            ],
            "index": "pypi",
            "version": "==17.0.0"
        },
        "qtconsole": {
            "hashes": [
                "sha256:b3d10314cbaad76c3157cf922eb410812cde472e8e7c6bd3d5a92d30145bcde1",
                "sha256:eff8c2faeda567a0bef5781f419a64e9977988db101652b312b9d74ec0a5109c"
            ],
            "version": "==4.3.1"
        },
        "scandir": {
            "hashes": [
                "sha256:24f32112c483ac6c4a40b62f1282e61ecca7977153b66a0d26a9583a716dcb64",
                "sha256:6c80092f8fe3e62c3da3110067589c6661c722b0889906d2974e5150f1314523",
                "sha256:7729b8444c5f5187649ff58501e7c2ad22b84d7dc28f738f64c5b615913fec22",
                "sha256:8e3ca5925cc13787aeafbf08f055a8066c091fc20bfa8783235b916cf047afbe",
                "sha256:96dfc553f50946deb6d1cd762bac5cf122832c4aa253c885ca357ef53dd8d072",
                "sha256:b2d55be869c4f716084a19b1e16932f0769711316ba62de941320bf2be84763d",
                "sha256:b55a091b91f9e6c9c7129889b2f58df329530172a99172de9e784545342a45e6",
                "sha256:b6cb611a18a828146a178362a36a2c6557c51c596ded4314cb516dd8c947b4ce",
                "sha256:d985e36eb3effebb20434e6cd7495440b4ba676a22f3ec61e9fff9f3e2995238",
                "sha256:f39dd5affde2860fb28176d2233f318ccca97c55019407ee8172b3fba0b211db",
                "sha256:f91418e82edb5a43b020fa15e30a41d730b71c5957536749366bf63cc05427b1"
            ],
            "markers": "python_version < '3.5'",
            "version": "==1.7"
        },
        "send2trash": {
            "hashes": [
                "sha256:60001cc07d707fe247c94f74ca6ac0d3255aabcb930529690897ca2a39db28b2",
                "sha256:f1691922577b6fa12821234aeb57599d887c4900b9ca537948d2dac34aea888b"
            ],
            "version": "==1.5.0"
        },
        "simplegeneric": {
            "hashes": [
                "sha256:dc972e06094b9af5b855b3df4a646395e43d1c9d0d39ed345b7393560d0b9173"
            ],
            "version": "==0.8.1"
        },
        "singledispatch": {
            "hashes": [
                "sha256:5b06af87df13818d14f08a028e42f566640aef80805c3b50c5056b086e3c2b9c",
                "sha256:833b46966687b3de7f438c761ac475213e53b306740f1abfaa86e1d1aae56aa8"
            ],
            "index": "pypi",
            "version": "==3.4.0.3"
        },
        "six": {
            "hashes": [
                "sha256:70e8a77beed4562e7f14fe23a786b54f6296e34344c23bc42f07b15018ff98e9",
                "sha256:832dc0e10feb1aa2c68dcc57dbb658f1c7e65b9b61af69048abc87a2db00a0eb"
            ],
            "version": "==1.11.0"
        },
        "terminado": {
            "hashes": [
                "sha256:55abf9ade563b8f9be1f34e4233c7b7bde726059947a593322e8a553cc4c067a",
                "sha256:65011551baff97f5414c67018e908110693143cfbaeb16831b743fe7cad8b927"
            ],
            "version": "==0.8.1"
        },
        "testpath": {
            "hashes": [
                "sha256:039fa6a6c9fd3488f8336d23aebbfead5fa602c4a47d49d83845f55a595ec1b4",
                "sha256:0d5337839c788da5900df70f8e01015aec141aa3fe7936cb0d0a2953f7ac7609"
            ],
            "version": "==0.3.1"
        },
        "tornado": {
            "hashes": [
                "sha256:1c0816fc32b7d31b98781bd8ebc7a9726d7dce67407dc353a2e66e697e138448",
                "sha256:4f66a2172cb947387193ca4c2c3e19131f1c70fa8be470ddbbd9317fd0801582",
                "sha256:5327ba1a6c694e0149e7d9126426b3704b1d9d520852a3e4aa9fc8fe989e4046",
                "sha256:6a7e8657618268bb007646b9eae7661d0b57f13efc94faa33cd2588eae5912c9",
                "sha256:a9b14804783a1d77c0bd6c66f7a9b1196cbddfbdf8bceb64683c5ae60bd1ec6f",
                "sha256:c58757e37c4a3172949c99099d4d5106e4d7b63aa0617f9bb24bfbff712c7866",
                "sha256:d8984742ce86c0855cccecd5c6f54a9f7532c983947cff06f3a0e2115b47f85c"
            ],
            "index": "pypi",
            "version": "==5.1"
        },
        "traitlets": {
            "hashes": [
                "sha256:9c4bd2d267b7153df9152698efb1050a5d84982d3384a37b2c1f7723ba3e7835",
                "sha256:c6cb5e6f57c5a9bdaa40fa71ce7b4af30298fbab9ece9815b5d995ab6217c7d9"
            ],
            "version": "==4.3.2"
        },
        "wcwidth": {
            "hashes": [
                "sha256:3df37372226d6e63e1b1e1eda15c594bca98a22d33a23832a90998faa96bc65e",
                "sha256:f4ebe71925af7b40a864553f761ed559b43544f8f71746c2d756c7fe788ade7c"
            ],
            "version": "==0.1.7"
        },
        "webencodings": {
            "hashes": [
                "sha256:a0af1213f3c2226497a97e2b3aa01a7e4bee4f403f95be16fc9acd2947514a78",
                "sha256:b36a1c245f2d304965eb4e0a82848379241dc04b865afcc4aab16748587e1923"
            ],
            "version": "==0.5.1"
        },
        "widgetsnbextension": {
            "hashes": [
                "sha256:40794a6a2f97c09a1e613c1c165f67d58a5995d14b283542da39134710791a36",
                "sha256:5417789ee6064ff515fd10be24870660af3561c02d3d48b26f6f44285d0f70cc"
            ],
            "version": "==3.2.1"
        }
    },
    "develop": {}
}
